
Microsoft Visual Studio Solution File, Format Version 12.00
# Visual Studio Version 17
VisualStudioVersion = 17.11.35312.102
MinimumVisualStudioVersion = 10.0.40219.1
Project("{FAE04EC0-301F-11D3-BF4B-00C04F79EFBC}") = "FirstWebapp", "FirstWebapp\FirstWebapp.csproj", "{C805CF33-1F5A-4A61-94E7-2998CC2C6247}"
EndProject
Global
	GlobalSection(SolutionConfigurationPlatforms) = preSolution
		Debug|Any CPU = Debug|Any CPU
		Release|Any CPU = Release|Any CPU
	EndGlobalSection
	GlobalSection(ProjectConfigurationPlatforms) = postSolution
		{C805CF33-1F5A-4A61-94E7-2998CC2C6247}.Debug|Any CPU.ActiveCfg = Debug|Any CPU
		{C805CF33-1F5A-4A61-94E7-2998CC2C6247}.Debug|Any CPU.Build.0 = Debug|Any CPU
		{C805CF33-1F5A-4A61-94E7-2998CC2C6247}.Release|Any CPU.ActiveCfg = Release|Any CPU
		{C805CF33-1F5A-4A61-94E7-2998CC2C6247}.Release|Any CPU.Build.0 = Release|Any CPU
	EndGlobalSection
	GlobalSection(SolutionProperties) = preSolution
		HideSolutionNode = FALSE
	EndGlobalSection
	GlobalSection(ExtensibilityGlobals) = postSolution
		SolutionGuid = {F2B5217E-6673-41B9-A048-86A3178FA62F}
	EndGlobalSection
EndGlobal
